# THIS IS AN AUTOGENERATED FILE. DO NOT EDIT THIS FILE DIRECTLY.
# yarn lockfile v1


binaryen@^108.0.0:
  version "108.0.0"
  resolved "https://registry.yarnpkg.com/binaryen/-/binaryen-108.0.0.tgz#9a59b1a70a99874350c5113dda46cdcfdfaa3981"
  integrity sha512-VqGs7YFpWoHqI8bZZEAsDo5zx0BxdjU3tBJs4rw0BYfVwFwv1DGR1EtlTXmZOGBOEqZ72S2xmfRxRN9NaNmWaA==

diswasm@^0.5.5:
  version "0.5.5"
  resolved "https://registry.yarnpkg.com/diswasm/-/diswasm-0.5.5.tgz#2aa6630208d55e41cf611d9af16c4ef8017b3769"
  integrity sha512-jQvmHD7Zo1pg4FrWUFZs7jRXRIgWQuj77Yk/66naa0DDRivzweJckLNuJVw4+N+9/UKFDgY1XyIbLM4b9HEsCA==
  dependencies:
    binaryen "^108.0.0"
